<Solution>
  <Folder Name="/BookManagement/">
    <Project Path="BM.ConsoleUI/BM.ConsoleUI.csproj" Id="a42aad57-4788-41c5-99e6-91a47c39a99c" />
    <Project Path="BM.Data/BM.Data.csproj" Id="a7640da1-997c-442d-b98f-1fb79bf517e3" />
    <Project Path="BM.Repository/BM.Repository.csproj" Id="77c38a2a-c864-4ddc-a1cc-6b91042ca22f" />
    <Project Path="BM.Service/BM.Service.csproj" Id="a3dce0e8-1b20-4a37-a88d-a862ff3b3e30" />
  </Folder>
  <Folder Name="/StudentsManagement/">
    <Project Path="SM.ConsoleUI/SM.ConsoleUI.csproj" Id="bc4a9598-fa41-4791-bbe0-b30c46efb86b" />
    <Project Path="SM.Data/SM.Data.csproj" Id="3b223118-fe33-4063-872d-748cd3cbd03e" />
    <Project Path="SM.Repository/SM.Repository.csproj" Id="f3dea57d-d9de-467a-b13a-0bc724114c6d" />
    <Project Path="SM.Service/SM.Service.csproj" Id="c555c801-6787-46c7-97c8-c2ca34131e8a" />
  </Folder>
  <Project Path="Calculator/Calculator.csproj" Id="247e71c8-a769-40dd-bde8-8fbba79bc6a8" />
  <Project Path="GuessNumber/GuessNumber.csproj" Id="46e02daa-0333-4fbf-9da2-a4b0ecc5d03a" />
  <Project Path="Hangman/Hangman.csproj" Id="76520662-9227-4706-9eca-f8c98137415c" />
  <Project Path="Translator/Translator.csproj" Id="c5c6bb8a-2681-42ee-875b-c03a3e5c509b" />
</Solution>
